
Microsoft Visual Studio Solution File, Format Version 12.00
# Visual Studio 15
VisualStudioVersion = 15.0.26730.16
MinimumVisualStudioVersion = 10.0.40219.1
Project("{FAE04EC0-301F-11D3-BF4B-00C04F79EFBC}") = "joke teller", "joke teller\joke teller.csproj", "{008C427A-9049-4748-84AB-5FEECF27AD38}"
EndProject
Global
	GlobalSection(SolutionConfigurationPlatforms) = preSolution
		Debug|Any CPU = Debug|Any CPU
		Release|Any CPU = Release|Any CPU
	EndGlobalSection
	GlobalSection(ProjectConfigurationPlatforms) = postSolution
		{008C427A-9049-4748-84AB-5FEECF27AD38}.Debug|Any CPU.ActiveCfg = Debug|Any CPU
		{008C427A-9049-4748-84AB-5FEECF27AD38}.Debug|Any CPU.Build.0 = Debug|Any CPU
		{008C427A-9049-4748-84AB-5FEECF27AD38}.Release|Any CPU.ActiveCfg = Release|Any CPU
		{008C427A-9049-4748-84AB-5FEECF27AD38}.Release|Any CPU.Build.0 = Release|Any CPU
	EndGlobalSection
	GlobalSection(SolutionProperties) = preSolution
		HideSolutionNode = FALSE
	EndGlobalSection
	GlobalSection(ExtensibilityGlobals) = postSolution
		SolutionGuid = {F38BCA5B-9B9A-4B58-AB50-E9972C556E55}
	EndGlobalSection
EndGlobal
