
Microsoft Visual Studio Solution File, Format Version 12.00
# Visual Studio 15
VisualStudioVersion = 15.0.26730.16
MinimumVisualStudioVersion = 10.0.40219.1
Project("{FAE04EC0-301F-11D3-BF4B-00C04F79EFBC}") = "Grade", "Grade\Grade.csproj", "{BB8EA657-F998-4254-850A-3F019E442B86}"
EndProject
Global
	GlobalSection(SolutionConfigurationPlatforms) = preSolution
		Debug|Any CPU = Debug|Any CPU
		Release|Any CPU = Release|Any CPU
	EndGlobalSection
	GlobalSection(ProjectConfigurationPlatforms) = postSolution
		{BB8EA657-F998-4254-850A-3F019E442B86}.Debug|Any CPU.ActiveCfg = Debug|Any CPU
		{BB8EA657-F998-4254-850A-3F019E442B86}.Debug|Any CPU.Build.0 = Debug|Any CPU
		{BB8EA657-F998-4254-850A-3F019E442B86}.Release|Any CPU.ActiveCfg = Release|Any CPU
		{BB8EA657-F998-4254-850A-3F019E442B86}.Release|Any CPU.Build.0 = Release|Any CPU
	EndGlobalSection
	GlobalSection(SolutionProperties) = preSolution
		HideSolutionNode = FALSE
	EndGlobalSection
	GlobalSection(ExtensibilityGlobals) = postSolution
		SolutionGuid = {F5DA3728-11F2-41BE-A33D-46892E14DE64}
	EndGlobalSection
EndGlobal
