
Microsoft Visual Studio Solution File, Format Version 12.00
# Visual Studio 15
VisualStudioVersion = 15.0.26730.16
MinimumVisualStudioVersion = 10.0.40219.1
Project("{FAE04EC0-301F-11D3-BF4B-00C04F79EFBC}") = "Week 5", "Week 5\Week 5.csproj", "{A6930368-A45A-4D05-9589-AB38E7FF73D3}"
EndProject
Global
	GlobalSection(SolutionConfigurationPlatforms) = preSolution
		Debug|Any CPU = Debug|Any CPU
		Release|Any CPU = Release|Any CPU
	EndGlobalSection
	GlobalSection(ProjectConfigurationPlatforms) = postSolution
		{A6930368-A45A-4D05-9589-AB38E7FF73D3}.Debug|Any CPU.ActiveCfg = Debug|Any CPU
		{A6930368-A45A-4D05-9589-AB38E7FF73D3}.Debug|Any CPU.Build.0 = Debug|Any CPU
		{A6930368-A45A-4D05-9589-AB38E7FF73D3}.Release|Any CPU.ActiveCfg = Release|Any CPU
		{A6930368-A45A-4D05-9589-AB38E7FF73D3}.Release|Any CPU.Build.0 = Release|Any CPU
	EndGlobalSection
	GlobalSection(SolutionProperties) = preSolution
		HideSolutionNode = FALSE
	EndGlobalSection
	GlobalSection(ExtensibilityGlobals) = postSolution
		SolutionGuid = {03D177BA-79C6-4A92-8C2E-F6736D36C22C}
	EndGlobalSection
EndGlobal
