
Microsoft Visual Studio Solution File, Format Version 12.00
# Visual Studio 15
VisualStudioVersion = 15.0.26730.16
MinimumVisualStudioVersion = 10.0.40219.1
Project("{FAE04EC0-301F-11D3-BF4B-00C04F79EFBC}") = "Week 7 attempt 2", "Week 7 attempt 2\Week 7 attempt 2.csproj", "{C433EBDE-3032-4687-979A-B211AFCABF7A}"
EndProject
Global
	GlobalSection(SolutionConfigurationPlatforms) = preSolution
		Debug|Any CPU = Debug|Any CPU
		Release|Any CPU = Release|Any CPU
	EndGlobalSection
	GlobalSection(ProjectConfigurationPlatforms) = postSolution
		{C433EBDE-3032-4687-979A-B211AFCABF7A}.Debug|Any CPU.ActiveCfg = Debug|Any CPU
		{C433EBDE-3032-4687-979A-B211AFCABF7A}.Debug|Any CPU.Build.0 = Debug|Any CPU
		{C433EBDE-3032-4687-979A-B211AFCABF7A}.Release|Any CPU.ActiveCfg = Release|Any CPU
		{C433EBDE-3032-4687-979A-B211AFCABF7A}.Release|Any CPU.Build.0 = Release|Any CPU
	EndGlobalSection
	GlobalSection(SolutionProperties) = preSolution
		HideSolutionNode = FALSE
	EndGlobalSection
	GlobalSection(ExtensibilityGlobals) = postSolution
		SolutionGuid = {1E9724D9-3823-4B27-8F17-E88703EF791C}
	EndGlobalSection
EndGlobal
